// !$*UTF8*$!
{
	archiveVersion = 1;
	classes = {
	};
	objectVersion = 56;
	objects = {

/* Begin PBXBuildFile section */
		26AEFFDA2C2AB44400367DA6 /* MealzOnboardingSwiftUIApp.swift in Sources */ = {isa = PBXBuildFile; fileRef = 26AEFFD92C2AB44400367DA6 /* MealzOnboardingSwiftUIApp.swift */; };
		26AEFFDC2C2AB44400367DA6 /* ContentView.swift in Sources */ = {isa = PBXBuildFile; fileRef = 26AEFFDB2C2AB44400367DA6 /* ContentView.swift */; };
		26AEFFDE2C2AB44500367DA6 /* Assets.xcassets in Resources */ = {isa = PBXBuildFile; fileRef = 26AEFFDD2C2AB44500367DA6 /* Assets.xcassets */; };
		26AEFFE12C2AB44500367DA6 /* Preview Assets.xcassets in Resources */ = {isa = PBXBuildFile; fileRef = 26AEFFE02C2AB44500367DA6 /* Preview Assets.xcassets */; };
		26AEFFEA2C2AB4AF00367DA6 /* PretendProduct.swift in Sources */ = {isa = PBXBuildFile; fileRef = 26AEFFE92C2AB4AF00367DA6 /* PretendProduct.swift */; };
		26AEFFEC2C2AB4BA00367DA6 /* PretendBasket.swift in Sources */ = {isa = PBXBuildFile; fileRef = 26AEFFEB2C2AB4BA00367DA6 /* PretendBasket.swift */; };
		26AEFFEE2C2AB5CF00367DA6 /* PretendStore.swift in Sources */ = {isa = PBXBuildFile; fileRef = 26AEFFED2C2AB5CF00367DA6 /* PretendStore.swift */; };
		26AEFFF02C2AB64A00367DA6 /* PretendUser.swift in Sources */ = {isa = PBXBuildFile; fileRef = 26AEFFEF2C2AB64A00367DA6 /* PretendUser.swift */; };
		26AEFFF32C2AB6D000367DA6 /* PretendProductDS.swift in Sources */ = {isa = PBXBuildFile; fileRef = 26AEFFF22C2AB6D000367DA6 /* PretendProductDS.swift */; };
		26AEFFF52C2ABAF400367DA6 /* PretendStoreDS.swift in Sources */ = {isa = PBXBuildFile; fileRef = 26AEFFF42C2ABAF400367DA6 /* PretendStoreDS.swift */; };
		26AEFFF82C2ABCCC00367DA6 /* PretendStoreRepository.swift in Sources */ = {isa = PBXBuildFile; fileRef = 26AEFFF72C2ABCCC00367DA6 /* PretendStoreRepository.swift */; };
		26AEFFFB2C2ABE4B00367DA6 /* Constants.swift in Sources */ = {isa = PBXBuildFile; fileRef = 26AEFFFA2C2ABE4B00367DA6 /* Constants.swift */; };
		26AEFFFD2C2ABF6200367DA6 /* PretendProductRepository.swift in Sources */ = {isa = PBXBuildFile; fileRef = 26AEFFFC2C2ABF6200367DA6 /* PretendProductRepository.swift */; };
/* End PBXBuildFile section */

/* Begin PBXFileReference section */
		26AEFFD62C2AB44400367DA6 /* MealzOnboardingSwiftUI.app */ = {isa = PBXFileReference; explicitFileType = wrapper.application; includeInIndex = 0; path = MealzOnboardingSwiftUI.app; sourceTree = BUILT_PRODUCTS_DIR; };
		26AEFFD92C2AB44400367DA6 /* MealzOnboardingSwiftUIApp.swift */ = {isa = PBXFileReference; lastKnownFileType = sourcecode.swift; path = MealzOnboardingSwiftUIApp.swift; sourceTree = "<group>"; };
		26AEFFDB2C2AB44400367DA6 /* ContentView.swift */ = {isa = PBXFileReference; lastKnownFileType = sourcecode.swift; path = ContentView.swift; sourceTree = "<group>"; };
		26AEFFDD2C2AB44500367DA6 /* Assets.xcassets */ = {isa = PBXFileReference; lastKnownFileType = folder.assetcatalog; path = Assets.xcassets; sourceTree = "<group>"; };
		26AEFFE02C2AB44500367DA6 /* Preview Assets.xcassets */ = {isa = PBXFileReference; lastKnownFileType = folder.assetcatalog; path = "Preview Assets.xcassets"; sourceTree = "<group>"; };
		26AEFFE92C2AB4AF00367DA6 /* PretendProduct.swift */ = {isa = PBXFileReference; lastKnownFileType = sourcecode.swift; path = PretendProduct.swift; sourceTree = "<group>"; };
		26AEFFEB2C2AB4BA00367DA6 /* PretendBasket.swift */ = {isa = PBXFileReference; lastKnownFileType = sourcecode.swift; path = PretendBasket.swift; sourceTree = "<group>"; };
		26AEFFED2C2AB5CF00367DA6 /* PretendStore.swift */ = {isa = PBXFileReference; lastKnownFileType = sourcecode.swift; path = PretendStore.swift; sourceTree = "<group>"; };
		26AEFFEF2C2AB64A00367DA6 /* PretendUser.swift */ = {isa = PBXFileReference; lastKnownFileType = sourcecode.swift; path = PretendUser.swift; sourceTree = "<group>"; };
		26AEFFF22C2AB6D000367DA6 /* PretendProductDS.swift */ = {isa = PBXFileReference; lastKnownFileType = sourcecode.swift; path = PretendProductDS.swift; sourceTree = "<group>"; };
		26AEFFF42C2ABAF400367DA6 /* PretendStoreDS.swift */ = {isa = PBXFileReference; lastKnownFileType = sourcecode.swift; path = PretendStoreDS.swift; sourceTree = "<group>"; };
		26AEFFF72C2ABCCC00367DA6 /* PretendStoreRepository.swift */ = {isa = PBXFileReference; lastKnownFileType = sourcecode.swift; path = PretendStoreRepository.swift; sourceTree = "<group>"; };
		26AEFFFA2C2ABE4B00367DA6 /* Constants.swift */ = {isa = PBXFileReference; lastKnownFileType = sourcecode.swift; path = Constants.swift; sourceTree = "<group>"; };
		26AEFFFC2C2ABF6200367DA6 /* PretendProductRepository.swift */ = {isa = PBXFileReference; lastKnownFileType = sourcecode.swift; path = PretendProductRepository.swift; sourceTree = "<group>"; };
/* End PBXFileReference section */

/* Begin PBXFrameworksBuildPhase section */
		26AEFFD32C2AB44400367DA6 /* Frameworks */ = {
			isa = PBXFrameworksBuildPhase;
			buildActionMask = 2147483647;
			files = (
			);
			runOnlyForDeploymentPostprocessing = 0;
		};
/* End PBXFrameworksBuildPhase section */

/* Begin PBXGroup section */
		26AEFFCD2C2AB44400367DA6 = {
			isa = PBXGroup;
			children = (
				26AEFFD82C2AB44400367DA6 /* MealzOnboardingSwiftUI */,
				26AEFFD72C2AB44400367DA6 /* Products */,
			);
			sourceTree = "<group>";
		};
		26AEFFD72C2AB44400367DA6 /* Products */ = {
			isa = PBXGroup;
			children = (
				26AEFFD62C2AB44400367DA6 /* MealzOnboardingSwiftUI.app */,
			);
			name = Products;
			sourceTree = "<group>";
		};
		26AEFFD82C2AB44400367DA6 /* MealzOnboardingSwiftUI */ = {
			isa = PBXGroup;
			children = (
				26AEFFF92C2ABE4200367DA6 /* Utils */,
				26AEFFF62C2ABCB900367DA6 /* Repository */,
				26AEFFF12C2AB69300367DA6 /* DataSource */,
				26AEFFE72C2AB44F00367DA6 /* Model */,
				26AEFFD92C2AB44400367DA6 /* MealzOnboardingSwiftUIApp.swift */,
				26AEFFDB2C2AB44400367DA6 /* ContentView.swift */,
				26AEFFDD2C2AB44500367DA6 /* Assets.xcassets */,
				26AEFFDF2C2AB44500367DA6 /* Preview Content */,
			);
			path = MealzOnboardingSwiftUI;
			sourceTree = "<group>";
		};
		26AEFFDF2C2AB44500367DA6 /* Preview Content */ = {
			isa = PBXGroup;
			children = (
				26AEFFE02C2AB44500367DA6 /* Preview Assets.xcassets */,
			);
			path = "Preview Content";
			sourceTree = "<group>";
		};
		26AEFFE72C2AB44F00367DA6 /* Model */ = {
			isa = PBXGroup;
			children = (
				26AEFFE92C2AB4AF00367DA6 /* PretendProduct.swift */,
				26AEFFEB2C2AB4BA00367DA6 /* PretendBasket.swift */,
				26AEFFED2C2AB5CF00367DA6 /* PretendStore.swift */,
				26AEFFEF2C2AB64A00367DA6 /* PretendUser.swift */,
			);
			path = Model;
			sourceTree = "<group>";
		};
		26AEFFF12C2AB69300367DA6 /* DataSource */ = {
			isa = PBXGroup;
			children = (
				26AEFFF22C2AB6D000367DA6 /* PretendProductDS.swift */,
				26AEFFF42C2ABAF400367DA6 /* PretendStoreDS.swift */,
			);
			path = DataSource;
			sourceTree = "<group>";
		};
		26AEFFF62C2ABCB900367DA6 /* Repository */ = {
			isa = PBXGroup;
			children = (
				26AEFFF72C2ABCCC00367DA6 /* PretendStoreRepository.swift */,
				26AEFFFC2C2ABF6200367DA6 /* PretendProductRepository.swift */,
			);
			path = Repository;
			sourceTree = "<group>";
		};
		26AEFFF92C2ABE4200367DA6 /* Utils */ = {
			isa = PBXGroup;
			children = (
				26AEFFFA2C2ABE4B00367DA6 /* Constants.swift */,
			);
			path = Utils;
			sourceTree = "<group>";
		};
/* End PBXGroup section */

/* Begin PBXNativeTarget section */
		26AEFFD52C2AB44400367DA6 /* MealzOnboardingSwiftUI */ = {
			isa = PBXNativeTarget;
			buildConfigurationList = 26AEFFE42C2AB44500367DA6 /* Build configuration list for PBXNativeTarget "MealzOnboardingSwiftUI" */;
			buildPhases = (
				26AEFFD22C2AB44400367DA6 /* Sources */,
				26AEFFD32C2AB44400367DA6 /* Frameworks */,
				26AEFFD42C2AB44400367DA6 /* Resources */,
			);
			buildRules = (
			);
			dependencies = (
			);
			name = MealzOnboardingSwiftUI;
			productName = MealzOnboardingSwiftUI;
			productReference = 26AEFFD62C2AB44400367DA6 /* MealzOnboardingSwiftUI.app */;
			productType = "com.apple.product-type.application";
		};
/* End PBXNativeTarget section */

/* Begin PBXProject section */
		26AEFFCE2C2AB44400367DA6 /* Project object */ = {
			isa = PBXProject;
			attributes = {
				BuildIndependentTargetsInParallel = 1;
				LastSwiftUpdateCheck = 1510;
				LastUpgradeCheck = 1510;
				TargetAttributes = {
					26AEFFD52C2AB44400367DA6 = {
						CreatedOnToolsVersion = 15.1;
					};
				};
			};
			buildConfigurationList = 26AEFFD12C2AB44400367DA6 /* Build configuration list for PBXProject "MealzOnboardingSwiftUI" */;
			compatibilityVersion = "Xcode 14.0";
			developmentRegion = en;
			hasScannedForEncodings = 0;
			knownRegions = (
				en,
				Base,
			);
			mainGroup = 26AEFFCD2C2AB44400367DA6;
			productRefGroup = 26AEFFD72C2AB44400367DA6 /* Products */;
			projectDirPath = "";
			projectRoot = "";
			targets = (
				26AEFFD52C2AB44400367DA6 /* MealzOnboardingSwiftUI */,
			);
		};
/* End PBXProject section */

/* Begin PBXResourcesBuildPhase section */
		26AEFFD42C2AB44400367DA6 /* Resources */ = {
			isa = PBXResourcesBuildPhase;
			buildActionMask = 2147483647;
			files = (
				26AEFFE12C2AB44500367DA6 /* Preview Assets.xcassets in Resources */,
				26AEFFDE2C2AB44500367DA6 /* Assets.xcassets in Resources */,
			);
			runOnlyForDeploymentPostprocessing = 0;
		};
/* End PBXResourcesBuildPhase section */

/* Begin PBXSourcesBuildPhase section */
		26AEFFD22C2AB44400367DA6 /* Sources */ = {
			isa = PBXSourcesBuildPhase;
			buildActionMask = 2147483647;
			files = (
				26AEFFDC2C2AB44400367DA6 /* ContentView.swift in Sources */,
				26AEFFF32C2AB6D000367DA6 /* PretendProductDS.swift in Sources */,
				26AEFFFB2C2ABE4B00367DA6 /* Constants.swift in Sources */,
				26AEFFF02C2AB64A00367DA6 /* PretendUser.swift in Sources */,
				26AEFFDA2C2AB44400367DA6 /* MealzOnboardingSwiftUIApp.swift in Sources */,
				26AEFFEC2C2AB4BA00367DA6 /* PretendBasket.swift in Sources */,
				26AEFFFD2C2ABF6200367DA6 /* PretendProductRepository.swift in Sources */,
				26AEFFF82C2ABCCC00367DA6 /* PretendStoreRepository.swift in Sources */,
				26AEFFF52C2ABAF400367DA6 /* PretendStoreDS.swift in Sources */,
				26AEFFEE2C2AB5CF00367DA6 /* PretendStore.swift in Sources */,
				26AEFFEA2C2AB4AF00367DA6 /* PretendProduct.swift in Sources */,
			);
			runOnlyForDeploymentPostprocessing = 0;
		};
/* End PBXSourcesBuildPhase section */

/* Begin XCBuildConfiguration section */
		26AEFFE22C2AB44500367DA6 /* Debug */ = {
			isa = XCBuildConfiguration;
			buildSettings = {
				ALWAYS_SEARCH_USER_PATHS = NO;
				ASSETCATALOG_COMPILER_GENERATE_SWIFT_ASSET_SYMBOL_EXTENSIONS = YES;
				CLANG_ANALYZER_NONNULL = YES;
				CLANG_ANALYZER_NUMBER_OBJECT_CONVERSION = YES_AGGRESSIVE;
				CLANG_CXX_LANGUAGE_STANDARD = "gnu++20";
				CLANG_ENABLE_MODULES = YES;
				CLANG_ENABLE_OBJC_ARC = YES;
				CLANG_ENABLE_OBJC_WEAK = YES;
				CLANG_WARN_BLOCK_CAPTURE_AUTORELEASING = YES;
				CLANG_WARN_BOOL_CONVERSION = YES;
				CLANG_WARN_COMMA = YES;
				CLANG_WARN_CONSTANT_CONVERSION = YES;
				CLANG_WARN_DEPRECATED_OBJC_IMPLEMENTATIONS = YES;
				CLANG_WARN_DIRECT_OBJC_ISA_USAGE = YES_ERROR;
				CLANG_WARN_DOCUMENTATION_COMMENTS = YES;
				CLANG_WARN_EMPTY_BODY = YES;
				CLANG_WARN_ENUM_CONVERSION = YES;
				CLANG_WARN_INFINITE_RECURSION = YES;
				CLANG_WARN_INT_CONVERSION = YES;
				CLANG_WARN_NON_LITERAL_NULL_CONVERSION = YES;
				CLANG_WARN_OBJC_IMPLICIT_RETAIN_SELF = YES;
				CLANG_WARN_OBJC_LITERAL_CONVERSION = YES;
				CLANG_WARN_OBJC_ROOT_CLASS = YES_ERROR;
				CLANG_WARN_QUOTED_INCLUDE_IN_FRAMEWORK_HEADER = YES;
				CLANG_WARN_RANGE_LOOP_ANALYSIS = YES;
				CLANG_WARN_STRICT_PROTOTYPES = YES;
				CLANG_WARN_SUSPICIOUS_MOVE = YES;
				CLANG_WARN_UNGUARDED_AVAILABILITY = YES_AGGRESSIVE;
				CLANG_WARN_UNREACHABLE_CODE = YES;
				CLANG_WARN__DUPLICATE_METHOD_MATCH = YES;
				COPY_PHASE_STRIP = NO;
				DEBUG_INFORMATION_FORMAT = dwarf;
				ENABLE_STRICT_OBJC_MSGSEND = YES;
				ENABLE_TESTABILITY = YES;
				ENABLE_USER_SCRIPT_SANDBOXING = YES;
				GCC_C_LANGUAGE_STANDARD = gnu17;
				GCC_DYNAMIC_NO_PIC = NO;
				GCC_NO_COMMON_BLOCKS = YES;
				GCC_OPTIMIZATION_LEVEL = 0;
				GCC_PREPROCESSOR_DEFINITIONS = (
					"DEBUG=1",
					"$(inherited)",
				);
				GCC_WARN_64_TO_32_BIT_CONVERSION = YES;
				GCC_WARN_ABOUT_RETURN_TYPE = YES_ERROR;
				GCC_WARN_UNDECLARED_SELECTOR = YES;
				GCC_WARN_UNINITIALIZED_AUTOS = YES_AGGRESSIVE;
				GCC_WARN_UNUSED_FUNCTION = YES;
				GCC_WARN_UNUSED_VARIABLE = YES;
				IPHONEOS_DEPLOYMENT_TARGET = 17.2;
				LOCALIZATION_PREFERS_STRING_CATALOGS = YES;
				MTL_ENABLE_DEBUG_INFO = INCLUDE_SOURCE;
				MTL_FAST_MATH = YES;
				ONLY_ACTIVE_ARCH = YES;
				SDKROOT = iphoneos;
				SWIFT_ACTIVE_COMPILATION_CONDITIONS = "DEBUG $(inherited)";
				SWIFT_OPTIMIZATION_LEVEL = "-Onone";
			};
			name = Debug;
		};
		26AEFFE32C2AB44500367DA6 /* Release */ = {
			isa = XCBuildConfiguration;
			buildSettings = {
				ALWAYS_SEARCH_USER_PATHS = NO;
				ASSETCATALOG_COMPILER_GENERATE_SWIFT_ASSET_SYMBOL_EXTENSIONS = YES;
				CLANG_ANALYZER_NONNULL = YES;
				CLANG_ANALYZER_NUMBER_OBJECT_CONVERSION = YES_AGGRESSIVE;
				CLANG_CXX_LANGUAGE_STANDARD = "gnu++20";
				CLANG_ENABLE_MODULES = YES;
				CLANG_ENABLE_OBJC_ARC = YES;
				CLANG_ENABLE_OBJC_WEAK = YES;
				CLANG_WARN_BLOCK_CAPTURE_AUTORELEASING = YES;
				CLANG_WARN_BOOL_CONVERSION = YES;
				CLANG_WARN_COMMA = YES;
				CLANG_WARN_CONSTANT_CONVERSION = YES;
				CLANG_WARN_DEPRECATED_OBJC_IMPLEMENTATIONS = YES;
				CLANG_WARN_DIRECT_OBJC_ISA_USAGE = YES_ERROR;
				CLANG_WARN_DOCUMENTATION_COMMENTS = YES;
				CLANG_WARN_EMPTY_BODY = YES;
				CLANG_WARN_ENUM_CONVERSION = YES;
				CLANG_WARN_INFINITE_RECURSION = YES;
				CLANG_WARN_INT_CONVERSION = YES;
				CLANG_WARN_NON_LITERAL_NULL_CONVERSION = YES;
				CLANG_WARN_OBJC_IMPLICIT_RETAIN_SELF = YES;
				CLANG_WARN_OBJC_LITERAL_CONVERSION = YES;
				CLANG_WARN_OBJC_ROOT_CLASS = YES_ERROR;
				CLANG_WARN_QUOTED_INCLUDE_IN_FRAMEWORK_HEADER = YES;
				CLANG_WARN_RANGE_LOOP_ANALYSIS = YES;
				CLANG_WARN_STRICT_PROTOTYPES = YES;
				CLANG_WARN_SUSPICIOUS_MOVE = YES;
				CLANG_WARN_UNGUARDED_AVAILABILITY = YES_AGGRESSIVE;
				CLANG_WARN_UNREACHABLE_CODE = YES;
				CLANG_WARN__DUPLICATE_METHOD_MATCH = YES;
				COPY_PHASE_STRIP = NO;
				DEBUG_INFORMATION_FORMAT = "dwarf-with-dsym";
				ENABLE_NS_ASSERTIONS = NO;
				ENABLE_STRICT_OBJC_MSGSEND = YES;
				ENABLE_USER_SCRIPT_SANDBOXING = YES;
				GCC_C_LANGUAGE_STANDARD = gnu17;
				GCC_NO_COMMON_BLOCKS = YES;
				GCC_WARN_64_TO_32_BIT_CONVERSION = YES;
				GCC_WARN_ABOUT_RETURN_TYPE = YES_ERROR;
				GCC_WARN_UNDECLARED_SELECTOR = YES;
				GCC_WARN_UNINITIALIZED_AUTOS = YES_AGGRESSIVE;
				GCC_WARN_UNUSED_FUNCTION = YES;
				GCC_WARN_UNUSED_VARIABLE = YES;
				IPHONEOS_DEPLOYMENT_TARGET = 17.2;
				LOCALIZATION_PREFERS_STRING_CATALOGS = YES;
				MTL_ENABLE_DEBUG_INFO = NO;
				MTL_FAST_MATH = YES;
				SDKROOT = iphoneos;
				SWIFT_COMPILATION_MODE = wholemodule;
				VALIDATE_PRODUCT = YES;
			};
			name = Release;
		};
		26AEFFE52C2AB44500367DA6 /* Debug */ = {
			isa = XCBuildConfiguration;
			buildSettings = {
				ASSETCATALOG_COMPILER_APPICON_NAME = AppIcon;
				ASSETCATALOG_COMPILER_GLOBAL_ACCENT_COLOR_NAME = AccentColor;
				CODE_SIGN_STYLE = Automatic;
				CURRENT_PROJECT_VERSION = 1;
				DEVELOPMENT_ASSET_PATHS = "\"MealzOnboardingSwiftUI/Preview Content\"";
				DEVELOPMENT_TEAM = VLHN7Y8965;
				ENABLE_PREVIEWS = YES;
				GENERATE_INFOPLIST_FILE = YES;
				INFOPLIST_KEY_UIApplicationSceneManifest_Generation = YES;
				INFOPLIST_KEY_UIApplicationSupportsIndirectInputEvents = YES;
				INFOPLIST_KEY_UILaunchScreen_Generation = YES;
				INFOPLIST_KEY_UISupportedInterfaceOrientations_iPad = "UIInterfaceOrientationPortrait UIInterfaceOrientationPortraitUpsideDown UIInterfaceOrientationLandscapeLeft UIInterfaceOrientationLandscapeRight";
				INFOPLIST_KEY_UISupportedInterfaceOrientations_iPhone = "UIInterfaceOrientationPortrait UIInterfaceOrientationLandscapeLeft UIInterfaceOrientationLandscapeRight";
				LD_RUNPATH_SEARCH_PATHS = (
					"$(inherited)",
					"@executable_path/Frameworks",
				);
				MARKETING_VERSION = 1.0;
				PRODUCT_BUNDLE_IDENTIFIER = mealz.MealzOnboardingSwiftUI;
				PRODUCT_NAME = "$(TARGET_NAME)";
				SWIFT_EMIT_LOC_STRINGS = YES;
				SWIFT_VERSION = 5.0;
				TARGETED_DEVICE_FAMILY = "1,2";
			};
			name = Debug;
		};
		26AEFFE62C2AB44500367DA6 /* Release */ = {
			isa = XCBuildConfiguration;
			buildSettings = {
				ASSETCATALOG_COMPILER_APPICON_NAME = AppIcon;
				ASSETCATALOG_COMPILER_GLOBAL_ACCENT_COLOR_NAME = AccentColor;
				CODE_SIGN_STYLE = Automatic;
				CURRENT_PROJECT_VERSION = 1;
				DEVELOPMENT_ASSET_PATHS = "\"MealzOnboardingSwiftUI/Preview Content\"";
				DEVELOPMENT_TEAM = VLHN7Y8965;
				ENABLE_PREVIEWS = YES;
				GENERATE_INFOPLIST_FILE = YES;
				INFOPLIST_KEY_UIApplicationSceneManifest_Generation = YES;
				INFOPLIST_KEY_UIApplicationSupportsIndirectInputEvents = YES;
				INFOPLIST_KEY_UILaunchScreen_Generation = YES;
				INFOPLIST_KEY_UISupportedInterfaceOrientations_iPad = "UIInterfaceOrientationPortrait UIInterfaceOrientationPortraitUpsideDown UIInterfaceOrientationLandscapeLeft UIInterfaceOrientationLandscapeRight";
				INFOPLIST_KEY_UISupportedInterfaceOrientations_iPhone = "UIInterfaceOrientationPortrait UIInterfaceOrientationLandscapeLeft UIInterfaceOrientationLandscapeRight";
				LD_RUNPATH_SEARCH_PATHS = (
					"$(inherited)",
					"@executable_path/Frameworks",
				);
				MARKETING_VERSION = 1.0;
				PRODUCT_BUNDLE_IDENTIFIER = mealz.MealzOnboardingSwiftUI;
				PRODUCT_NAME = "$(TARGET_NAME)";
				SWIFT_EMIT_LOC_STRINGS = YES;
				SWIFT_VERSION = 5.0;
				TARGETED_DEVICE_FAMILY = "1,2";
			};
			name = Release;
		};
/* End XCBuildConfiguration section */

/* Begin XCConfigurationList section */
		26AEFFD12C2AB44400367DA6 /* Build configuration list for PBXProject "MealzOnboardingSwiftUI" */ = {
			isa = XCConfigurationList;
			buildConfigurations = (
				26AEFFE22C2AB44500367DA6 /* Debug */,
				26AEFFE32C2AB44500367DA6 /* Release */,
			);
			defaultConfigurationIsVisible = 0;
			defaultConfigurationName = Release;
		};
		26AEFFE42C2AB44500367DA6 /* Build configuration list for PBXNativeTarget "MealzOnboardingSwiftUI" */ = {
			isa = XCConfigurationList;
			buildConfigurations = (
				26AEFFE52C2AB44500367DA6 /* Debug */,
				26AEFFE62C2AB44500367DA6 /* Release */,
			);
			defaultConfigurationIsVisible = 0;
			defaultConfigurationName = Release;
		};
/* End XCConfigurationList section */
	};
	rootObject = 26AEFFCE2C2AB44400367DA6 /* Project object */;
}
