// !$*UTF8*$!
{
	archiveVersion = 1;
	classes = {
	};
	objectVersion = 56;
	objects = {

/* Begin PBXBuildFile section */
		2691B31B2C2ACD7B008C84FD /* StoreSelectorViewModel.swift in Sources */ = {isa = PBXBuildFile; fileRef = 2691B31A2C2ACD7B008C84FD /* StoreSelectorViewModel.swift */; };
		2691B31D2C2ACE0D008C84FD /* StoreSelectorView.swift in Sources */ = {isa = PBXBuildFile; fileRef = 2691B31C2C2ACE0D008C84FD /* StoreSelectorView.swift */; };
		2691B3202C2ACFE8008C84FD /* ProductSearchViewModel.swift in Sources */ = {isa = PBXBuildFile; fileRef = 2691B31F2C2ACFE8008C84FD /* ProductSearchViewModel.swift */; };
		2691B3222C2AD02E008C84FD /* ProductSearchView.swift in Sources */ = {isa = PBXBuildFile; fileRef = 2691B3212C2AD02E008C84FD /* ProductSearchView.swift */; };
		2691B3252C2AE321008C84FD /* UserSession.swift in Sources */ = {isa = PBXBuildFile; fileRef = 2691B3242C2AE321008C84FD /* UserSession.swift */; };
		2691B3282C2AEDAD008C84FD /* ProductCard.swift in Sources */ = {isa = PBXBuildFile; fileRef = 2691B3272C2AEDAD008C84FD /* ProductCard.swift */; };
		2691B32A2C2AEE75008C84FD /* AsyncImage.swift in Sources */ = {isa = PBXBuildFile; fileRef = 2691B3292C2AEE75008C84FD /* AsyncImage.swift */; };
		2691B32D2C2B0156008C84FD /* BasketView.swift in Sources */ = {isa = PBXBuildFile; fileRef = 2691B32C2C2B0156008C84FD /* BasketView.swift */; };
		2691B3302C2B127D008C84FD /* UserConnectionView.swift in Sources */ = {isa = PBXBuildFile; fileRef = 2691B32F2C2B127D008C84FD /* UserConnectionView.swift */; };
		2691B3322C2B16C1008C84FD /* UserConnectionViewModel.swift in Sources */ = {isa = PBXBuildFile; fileRef = 2691B3312C2B16C1008C84FD /* UserConnectionViewModel.swift */; };
		2691B3342C2B1F03008C84FD /* PretendUserLocalDS.swift in Sources */ = {isa = PBXBuildFile; fileRef = 2691B3332C2B1F03008C84FD /* PretendUserLocalDS.swift */; };
		2691B3362C2B1F5A008C84FD /* PretendUserRepository.swift in Sources */ = {isa = PBXBuildFile; fileRef = 2691B3352C2B1F5A008C84FD /* PretendUserRepository.swift */; };
		2691B3452C2C08D1008C84FD /* MealzCore in Frameworks */ = {isa = PBXBuildFile; productRef = 2691B3442C2C08D1008C84FD /* MealzCore */; };
		2691B3482C2C08D9008C84FD /* MealziOSSDK in Frameworks */ = {isa = PBXBuildFile; productRef = 2691B3472C2C08D9008C84FD /* MealziOSSDK */; };
		2691B3512C2C099B008C84FD /* MealzManager.swift in Sources */ = {isa = PBXBuildFile; fileRef = 2691B3502C2C099B008C84FD /* MealzManager.swift */; };
		26AE00002C2ACAE300367DA6 /* HomePageView.swift in Sources */ = {isa = PBXBuildFile; fileRef = 26AEFFFF2C2ACAE300367DA6 /* HomePageView.swift */; };
		26AE00022C2ACAF400367DA6 /* HomePageViewModel.swift in Sources */ = {isa = PBXBuildFile; fileRef = 26AE00012C2ACAF400367DA6 /* HomePageViewModel.swift */; };
		26AEFFDA2C2AB44400367DA6 /* MealzOnboardingSwiftUIApp.swift in Sources */ = {isa = PBXBuildFile; fileRef = 26AEFFD92C2AB44400367DA6 /* MealzOnboardingSwiftUIApp.swift */; };
		26AEFFDC2C2AB44400367DA6 /* ContentView.swift in Sources */ = {isa = PBXBuildFile; fileRef = 26AEFFDB2C2AB44400367DA6 /* ContentView.swift */; };
		26AEFFDE2C2AB44500367DA6 /* Assets.xcassets in Resources */ = {isa = PBXBuildFile; fileRef = 26AEFFDD2C2AB44500367DA6 /* Assets.xcassets */; };
		26AEFFE12C2AB44500367DA6 /* Preview Assets.xcassets in Resources */ = {isa = PBXBuildFile; fileRef = 26AEFFE02C2AB44500367DA6 /* Preview Assets.xcassets */; };
		26AEFFEA2C2AB4AF00367DA6 /* PretendProduct.swift in Sources */ = {isa = PBXBuildFile; fileRef = 26AEFFE92C2AB4AF00367DA6 /* PretendProduct.swift */; };
		26AEFFEC2C2AB4BA00367DA6 /* PretendBasket.swift in Sources */ = {isa = PBXBuildFile; fileRef = 26AEFFEB2C2AB4BA00367DA6 /* PretendBasket.swift */; };
		26AEFFEE2C2AB5CF00367DA6 /* PretendStore.swift in Sources */ = {isa = PBXBuildFile; fileRef = 26AEFFED2C2AB5CF00367DA6 /* PretendStore.swift */; };
		26AEFFF02C2AB64A00367DA6 /* PretendUser.swift in Sources */ = {isa = PBXBuildFile; fileRef = 26AEFFEF2C2AB64A00367DA6 /* PretendUser.swift */; };
		26AEFFF32C2AB6D000367DA6 /* PretendProductRemoteDS.swift in Sources */ = {isa = PBXBuildFile; fileRef = 26AEFFF22C2AB6D000367DA6 /* PretendProductRemoteDS.swift */; };
		26AEFFF52C2ABAF400367DA6 /* PretendStoreRemoteDS.swift in Sources */ = {isa = PBXBuildFile; fileRef = 26AEFFF42C2ABAF400367DA6 /* PretendStoreRemoteDS.swift */; };
		26AEFFF82C2ABCCC00367DA6 /* PretendStoreRepository.swift in Sources */ = {isa = PBXBuildFile; fileRef = 26AEFFF72C2ABCCC00367DA6 /* PretendStoreRepository.swift */; };
		26AEFFFB2C2ABE4B00367DA6 /* Constants.swift in Sources */ = {isa = PBXBuildFile; fileRef = 26AEFFFA2C2ABE4B00367DA6 /* Constants.swift */; };
		26AEFFFD2C2ABF6200367DA6 /* PretendProductRepository.swift in Sources */ = {isa = PBXBuildFile; fileRef = 26AEFFFC2C2ABF6200367DA6 /* PretendProductRepository.swift */; };
/* End PBXBuildFile section */

/* Begin PBXFileReference section */
		2691B31A2C2ACD7B008C84FD /* StoreSelectorViewModel.swift */ = {isa = PBXFileReference; lastKnownFileType = sourcecode.swift; path = StoreSelectorViewModel.swift; sourceTree = "<group>"; };
		2691B31C2C2ACE0D008C84FD /* StoreSelectorView.swift */ = {isa = PBXFileReference; lastKnownFileType = sourcecode.swift; path = StoreSelectorView.swift; sourceTree = "<group>"; };
		2691B31F2C2ACFE8008C84FD /* ProductSearchViewModel.swift */ = {isa = PBXFileReference; lastKnownFileType = sourcecode.swift; path = ProductSearchViewModel.swift; sourceTree = "<group>"; };
		2691B3212C2AD02E008C84FD /* ProductSearchView.swift */ = {isa = PBXFileReference; lastKnownFileType = sourcecode.swift; path = ProductSearchView.swift; sourceTree = "<group>"; };
		2691B3242C2AE321008C84FD /* UserSession.swift */ = {isa = PBXFileReference; lastKnownFileType = sourcecode.swift; path = UserSession.swift; sourceTree = "<group>"; };
		2691B3272C2AEDAD008C84FD /* ProductCard.swift */ = {isa = PBXFileReference; lastKnownFileType = sourcecode.swift; path = ProductCard.swift; sourceTree = "<group>"; };
		2691B3292C2AEE75008C84FD /* AsyncImage.swift */ = {isa = PBXFileReference; lastKnownFileType = sourcecode.swift; path = AsyncImage.swift; sourceTree = "<group>"; };
		2691B32C2C2B0156008C84FD /* BasketView.swift */ = {isa = PBXFileReference; lastKnownFileType = sourcecode.swift; path = BasketView.swift; sourceTree = "<group>"; };
		2691B32F2C2B127D008C84FD /* UserConnectionView.swift */ = {isa = PBXFileReference; lastKnownFileType = sourcecode.swift; path = UserConnectionView.swift; sourceTree = "<group>"; };
		2691B3312C2B16C1008C84FD /* UserConnectionViewModel.swift */ = {isa = PBXFileReference; lastKnownFileType = sourcecode.swift; path = UserConnectionViewModel.swift; sourceTree = "<group>"; };
		2691B3332C2B1F03008C84FD /* PretendUserLocalDS.swift */ = {isa = PBXFileReference; lastKnownFileType = sourcecode.swift; path = PretendUserLocalDS.swift; sourceTree = "<group>"; };
		2691B3352C2B1F5A008C84FD /* PretendUserRepository.swift */ = {isa = PBXFileReference; lastKnownFileType = sourcecode.swift; path = PretendUserRepository.swift; sourceTree = "<group>"; };
		2691B3502C2C099B008C84FD /* MealzManager.swift */ = {isa = PBXFileReference; lastKnownFileType = sourcecode.swift; path = MealzManager.swift; sourceTree = "<group>"; };
		26AE00012C2ACAF400367DA6 /* HomePageViewModel.swift */ = {isa = PBXFileReference; lastKnownFileType = sourcecode.swift; path = HomePageViewModel.swift; sourceTree = "<group>"; };
		26AEFFD62C2AB44400367DA6 /* MealzOnboardingSwiftUI.app */ = {isa = PBXFileReference; explicitFileType = wrapper.application; includeInIndex = 0; path = MealzOnboardingSwiftUI.app; sourceTree = BUILT_PRODUCTS_DIR; };
		26AEFFD92C2AB44400367DA6 /* MealzOnboardingSwiftUIApp.swift */ = {isa = PBXFileReference; lastKnownFileType = sourcecode.swift; path = MealzOnboardingSwiftUIApp.swift; sourceTree = "<group>"; };
		26AEFFDB2C2AB44400367DA6 /* ContentView.swift */ = {isa = PBXFileReference; lastKnownFileType = sourcecode.swift; path = ContentView.swift; sourceTree = "<group>"; };
		26AEFFDD2C2AB44500367DA6 /* Assets.xcassets */ = {isa = PBXFileReference; lastKnownFileType = folder.assetcatalog; path = Assets.xcassets; sourceTree = "<group>"; };
		26AEFFE02C2AB44500367DA6 /* Preview Assets.xcassets */ = {isa = PBXFileReference; lastKnownFileType = folder.assetcatalog; path = "Preview Assets.xcassets"; sourceTree = "<group>"; };
		26AEFFE92C2AB4AF00367DA6 /* PretendProduct.swift */ = {isa = PBXFileReference; lastKnownFileType = sourcecode.swift; path = PretendProduct.swift; sourceTree = "<group>"; };
		26AEFFEB2C2AB4BA00367DA6 /* PretendBasket.swift */ = {isa = PBXFileReference; lastKnownFileType = sourcecode.swift; path = PretendBasket.swift; sourceTree = "<group>"; };
		26AEFFED2C2AB5CF00367DA6 /* PretendStore.swift */ = {isa = PBXFileReference; lastKnownFileType = sourcecode.swift; path = PretendStore.swift; sourceTree = "<group>"; };
		26AEFFEF2C2AB64A00367DA6 /* PretendUser.swift */ = {isa = PBXFileReference; lastKnownFileType = sourcecode.swift; path = PretendUser.swift; sourceTree = "<group>"; };
		26AEFFF22C2AB6D000367DA6 /* PretendProductRemoteDS.swift */ = {isa = PBXFileReference; lastKnownFileType = sourcecode.swift; path = PretendProductRemoteDS.swift; sourceTree = "<group>"; };
		26AEFFF42C2ABAF400367DA6 /* PretendStoreRemoteDS.swift */ = {isa = PBXFileReference; lastKnownFileType = sourcecode.swift; path = PretendStoreRemoteDS.swift; sourceTree = "<group>"; };
		26AEFFF72C2ABCCC00367DA6 /* PretendStoreRepository.swift */ = {isa = PBXFileReference; lastKnownFileType = sourcecode.swift; path = PretendStoreRepository.swift; sourceTree = "<group>"; };
		26AEFFFA2C2ABE4B00367DA6 /* Constants.swift */ = {isa = PBXFileReference; lastKnownFileType = sourcecode.swift; path = Constants.swift; sourceTree = "<group>"; };
		26AEFFFC2C2ABF6200367DA6 /* PretendProductRepository.swift */ = {isa = PBXFileReference; lastKnownFileType = sourcecode.swift; path = PretendProductRepository.swift; sourceTree = "<group>"; };
		26AEFFFF2C2ACAE300367DA6 /* HomePageView.swift */ = {isa = PBXFileReference; lastKnownFileType = sourcecode.swift; path = HomePageView.swift; sourceTree = "<group>"; };
/* End PBXFileReference section */

/* Begin PBXFrameworksBuildPhase section */
		26AEFFD32C2AB44400367DA6 /* Frameworks */ = {
			isa = PBXFrameworksBuildPhase;
			buildActionMask = 2147483647;
			files = (
				2691B3452C2C08D1008C84FD /* MealzCore in Frameworks */,
				2691B3482C2C08D9008C84FD /* MealziOSSDK in Frameworks */,
			);
			runOnlyForDeploymentPostprocessing = 0;
		};
/* End PBXFrameworksBuildPhase section */

/* Begin PBXGroup section */
		2691B3182C2ACD56008C84FD /* HomePage */ = {
			isa = PBXGroup;
			children = (
				26AEFFFF2C2ACAE300367DA6 /* HomePageView.swift */,
				26AE00012C2ACAF400367DA6 /* HomePageViewModel.swift */,
			);
			path = HomePage;
			sourceTree = "<group>";
		};
		2691B3192C2ACD6B008C84FD /* StoreSelector */ = {
			isa = PBXGroup;
			children = (
				2691B31A2C2ACD7B008C84FD /* StoreSelectorViewModel.swift */,
				2691B31C2C2ACE0D008C84FD /* StoreSelectorView.swift */,
			);
			path = StoreSelector;
			sourceTree = "<group>";
		};
		2691B31E2C2ACF00008C84FD /* ProductSearch */ = {
			isa = PBXGroup;
			children = (
				2691B31F2C2ACFE8008C84FD /* ProductSearchViewModel.swift */,
				2691B3212C2AD02E008C84FD /* ProductSearchView.swift */,
			);
			path = ProductSearch;
			sourceTree = "<group>";
		};
		2691B3232C2AE2EF008C84FD /* Features */ = {
			isa = PBXGroup;
			children = (
				2691B32E2C2B1253008C84FD /* UserConnection */,
				2691B32B2C2B0147008C84FD /* Basket */,
				2691B31E2C2ACF00008C84FD /* ProductSearch */,
				2691B3192C2ACD6B008C84FD /* StoreSelector */,
				2691B3182C2ACD56008C84FD /* HomePage */,
			);
			path = Features;
			sourceTree = "<group>";
		};
		2691B3262C2AED95008C84FD /* Components */ = {
			isa = PBXGroup;
			children = (
				2691B3272C2AEDAD008C84FD /* ProductCard.swift */,
				2691B3292C2AEE75008C84FD /* AsyncImage.swift */,
			);
			path = Components;
			sourceTree = "<group>";
		};
		2691B32B2C2B0147008C84FD /* Basket */ = {
			isa = PBXGroup;
			children = (
				2691B32C2C2B0156008C84FD /* BasketView.swift */,
			);
			path = Basket;
			sourceTree = "<group>";
		};
		2691B32E2C2B1253008C84FD /* UserConnection */ = {
			isa = PBXGroup;
			children = (
				2691B32F2C2B127D008C84FD /* UserConnectionView.swift */,
				2691B3312C2B16C1008C84FD /* UserConnectionViewModel.swift */,
			);
			path = UserConnection;
			sourceTree = "<group>";
		};
		2691B34F2C2C0990008C84FD /* Mealz */ = {
			isa = PBXGroup;
			children = (
				2691B3502C2C099B008C84FD /* MealzManager.swift */,
			);
			path = Mealz;
			sourceTree = "<group>";
		};
		26AEFFCD2C2AB44400367DA6 = {
			isa = PBXGroup;
			children = (
				26AEFFD82C2AB44400367DA6 /* MealzOnboardingSwiftUI */,
				26AEFFD72C2AB44400367DA6 /* Products */,
			);
			sourceTree = "<group>";
		};
		26AEFFD72C2AB44400367DA6 /* Products */ = {
			isa = PBXGroup;
			children = (
				26AEFFD62C2AB44400367DA6 /* MealzOnboardingSwiftUI.app */,
			);
			name = Products;
			sourceTree = "<group>";
		};
		26AEFFD82C2AB44400367DA6 /* MealzOnboardingSwiftUI */ = {
			isa = PBXGroup;
			children = (
				2691B34F2C2C0990008C84FD /* Mealz */,
				26AEFFFE2C2ACAB800367DA6 /* UI */,
				26AEFFF92C2ABE4200367DA6 /* Utils */,
				26AEFFF62C2ABCB900367DA6 /* Repository */,
				26AEFFF12C2AB69300367DA6 /* DataSource */,
				26AEFFE72C2AB44F00367DA6 /* Model */,
				26AEFFD92C2AB44400367DA6 /* MealzOnboardingSwiftUIApp.swift */,
				26AEFFDB2C2AB44400367DA6 /* ContentView.swift */,
				26AEFFDD2C2AB44500367DA6 /* Assets.xcassets */,
				26AEFFDF2C2AB44500367DA6 /* Preview Content */,
			);
			path = MealzOnboardingSwiftUI;
			sourceTree = "<group>";
		};
		26AEFFDF2C2AB44500367DA6 /* Preview Content */ = {
			isa = PBXGroup;
			children = (
				26AEFFE02C2AB44500367DA6 /* Preview Assets.xcassets */,
			);
			path = "Preview Content";
			sourceTree = "<group>";
		};
		26AEFFE72C2AB44F00367DA6 /* Model */ = {
			isa = PBXGroup;
			children = (
				26AEFFE92C2AB4AF00367DA6 /* PretendProduct.swift */,
				26AEFFEB2C2AB4BA00367DA6 /* PretendBasket.swift */,
				26AEFFED2C2AB5CF00367DA6 /* PretendStore.swift */,
				26AEFFEF2C2AB64A00367DA6 /* PretendUser.swift */,
				2691B3242C2AE321008C84FD /* UserSession.swift */,
			);
			path = Model;
			sourceTree = "<group>";
		};
		26AEFFF12C2AB69300367DA6 /* DataSource */ = {
			isa = PBXGroup;
			children = (
				26AEFFF22C2AB6D000367DA6 /* PretendProductRemoteDS.swift */,
				26AEFFF42C2ABAF400367DA6 /* PretendStoreRemoteDS.swift */,
				2691B3332C2B1F03008C84FD /* PretendUserLocalDS.swift */,
			);
			path = DataSource;
			sourceTree = "<group>";
		};
		26AEFFF62C2ABCB900367DA6 /* Repository */ = {
			isa = PBXGroup;
			children = (
				26AEFFF72C2ABCCC00367DA6 /* PretendStoreRepository.swift */,
				26AEFFFC2C2ABF6200367DA6 /* PretendProductRepository.swift */,
				2691B3352C2B1F5A008C84FD /* PretendUserRepository.swift */,
			);
			path = Repository;
			sourceTree = "<group>";
		};
		26AEFFF92C2ABE4200367DA6 /* Utils */ = {
			isa = PBXGroup;
			children = (
				26AEFFFA2C2ABE4B00367DA6 /* Constants.swift */,
			);
			path = Utils;
			sourceTree = "<group>";
		};
		26AEFFFE2C2ACAB800367DA6 /* UI */ = {
			isa = PBXGroup;
			children = (
				2691B3262C2AED95008C84FD /* Components */,
				2691B3232C2AE2EF008C84FD /* Features */,
			);
			path = UI;
			sourceTree = "<group>";
		};
/* End PBXGroup section */

/* Begin PBXNativeTarget section */
		26AEFFD52C2AB44400367DA6 /* MealzOnboardingSwiftUI */ = {
			isa = PBXNativeTarget;
			buildConfigurationList = 26AEFFE42C2AB44500367DA6 /* Build configuration list for PBXNativeTarget "MealzOnboardingSwiftUI" */;
			buildPhases = (
				26AEFFD22C2AB44400367DA6 /* Sources */,
				26AEFFD32C2AB44400367DA6 /* Frameworks */,
				26AEFFD42C2AB44400367DA6 /* Resources */,
			);
			buildRules = (
			);
			dependencies = (
			);
			name = MealzOnboardingSwiftUI;
			packageProductDependencies = (
				2691B3442C2C08D1008C84FD /* MealzCore */,
				2691B3472C2C08D9008C84FD /* MealziOSSDK */,
			);
			productName = MealzOnboardingSwiftUI;
			productReference = 26AEFFD62C2AB44400367DA6 /* MealzOnboardingSwiftUI.app */;
			productType = "com.apple.product-type.application";
		};
/* End PBXNativeTarget section */

/* Begin PBXProject section */
		26AEFFCE2C2AB44400367DA6 /* Project object */ = {
			isa = PBXProject;
			attributes = {
				BuildIndependentTargetsInParallel = 1;
				LastSwiftUpdateCheck = 1510;
				LastUpgradeCheck = 1510;
				TargetAttributes = {
					26AEFFD52C2AB44400367DA6 = {
						CreatedOnToolsVersion = 15.1;
					};
				};
			};
			buildConfigurationList = 26AEFFD12C2AB44400367DA6 /* Build configuration list for PBXProject "MealzOnboardingSwiftUI" */;
			compatibilityVersion = "Xcode 14.0";
			developmentRegion = en;
			hasScannedForEncodings = 0;
			knownRegions = (
				en,
				Base,
			);
			mainGroup = 26AEFFCD2C2AB44400367DA6;
			packageReferences = (
				2691B3432C2C08D1008C84FD /* XCRemoteSwiftPackageReference "MealzCoreRelease" */,
				2691B3462C2C08D9008C84FD /* XCRemoteSwiftPackageReference "MealziOSSDKRelease" */,
			);
			productRefGroup = 26AEFFD72C2AB44400367DA6 /* Products */;
			projectDirPath = "";
			projectRoot = "";
			targets = (
				26AEFFD52C2AB44400367DA6 /* MealzOnboardingSwiftUI */,
			);
		};
/* End PBXProject section */

/* Begin PBXResourcesBuildPhase section */
		26AEFFD42C2AB44400367DA6 /* Resources */ = {
			isa = PBXResourcesBuildPhase;
			buildActionMask = 2147483647;
			files = (
				26AEFFE12C2AB44500367DA6 /* Preview Assets.xcassets in Resources */,
				26AEFFDE2C2AB44500367DA6 /* Assets.xcassets in Resources */,
			);
			runOnlyForDeploymentPostprocessing = 0;
		};
/* End PBXResourcesBuildPhase section */

/* Begin PBXSourcesBuildPhase section */
		26AEFFD22C2AB44400367DA6 /* Sources */ = {
			isa = PBXSourcesBuildPhase;
			buildActionMask = 2147483647;
			files = (
				2691B32A2C2AEE75008C84FD /* AsyncImage.swift in Sources */,
				26AEFFDC2C2AB44400367DA6 /* ContentView.swift in Sources */,
				26AEFFF32C2AB6D000367DA6 /* PretendProductRemoteDS.swift in Sources */,
				2691B3512C2C099B008C84FD /* MealzManager.swift in Sources */,
				26AEFFFB2C2ABE4B00367DA6 /* Constants.swift in Sources */,
				2691B31B2C2ACD7B008C84FD /* StoreSelectorViewModel.swift in Sources */,
				26AEFFF02C2AB64A00367DA6 /* PretendUser.swift in Sources */,
				26AE00022C2ACAF400367DA6 /* HomePageViewModel.swift in Sources */,
				2691B3302C2B127D008C84FD /* UserConnectionView.swift in Sources */,
				26AEFFDA2C2AB44400367DA6 /* MealzOnboardingSwiftUIApp.swift in Sources */,
				26AEFFEC2C2AB4BA00367DA6 /* PretendBasket.swift in Sources */,
				2691B3222C2AD02E008C84FD /* ProductSearchView.swift in Sources */,
				2691B31D2C2ACE0D008C84FD /* StoreSelectorView.swift in Sources */,
				26AEFFFD2C2ABF6200367DA6 /* PretendProductRepository.swift in Sources */,
				2691B32D2C2B0156008C84FD /* BasketView.swift in Sources */,
				2691B3342C2B1F03008C84FD /* PretendUserLocalDS.swift in Sources */,
				2691B3202C2ACFE8008C84FD /* ProductSearchViewModel.swift in Sources */,
				26AE00002C2ACAE300367DA6 /* HomePageView.swift in Sources */,
				26AEFFF82C2ABCCC00367DA6 /* PretendStoreRepository.swift in Sources */,
				2691B3362C2B1F5A008C84FD /* PretendUserRepository.swift in Sources */,
				26AEFFF52C2ABAF400367DA6 /* PretendStoreRemoteDS.swift in Sources */,
				2691B3322C2B16C1008C84FD /* UserConnectionViewModel.swift in Sources */,
				2691B3252C2AE321008C84FD /* UserSession.swift in Sources */,
				26AEFFEE2C2AB5CF00367DA6 /* PretendStore.swift in Sources */,
				2691B3282C2AEDAD008C84FD /* ProductCard.swift in Sources */,
				26AEFFEA2C2AB4AF00367DA6 /* PretendProduct.swift in Sources */,
			);
			runOnlyForDeploymentPostprocessing = 0;
		};
/* End PBXSourcesBuildPhase section */

/* Begin XCBuildConfiguration section */
		26AEFFE22C2AB44500367DA6 /* Debug */ = {
			isa = XCBuildConfiguration;
			buildSettings = {
				ALWAYS_SEARCH_USER_PATHS = NO;
				ASSETCATALOG_COMPILER_GENERATE_SWIFT_ASSET_SYMBOL_EXTENSIONS = YES;
				CLANG_ANALYZER_NONNULL = YES;
				CLANG_ANALYZER_NUMBER_OBJECT_CONVERSION = YES_AGGRESSIVE;
				CLANG_CXX_LANGUAGE_STANDARD = "gnu++20";
				CLANG_ENABLE_MODULES = YES;
				CLANG_ENABLE_OBJC_ARC = YES;
				CLANG_ENABLE_OBJC_WEAK = YES;
				CLANG_WARN_BLOCK_CAPTURE_AUTORELEASING = YES;
				CLANG_WARN_BOOL_CONVERSION = YES;
				CLANG_WARN_COMMA = YES;
				CLANG_WARN_CONSTANT_CONVERSION = YES;
				CLANG_WARN_DEPRECATED_OBJC_IMPLEMENTATIONS = YES;
				CLANG_WARN_DIRECT_OBJC_ISA_USAGE = YES_ERROR;
				CLANG_WARN_DOCUMENTATION_COMMENTS = YES;
				CLANG_WARN_EMPTY_BODY = YES;
				CLANG_WARN_ENUM_CONVERSION = YES;
				CLANG_WARN_INFINITE_RECURSION = YES;
				CLANG_WARN_INT_CONVERSION = YES;
				CLANG_WARN_NON_LITERAL_NULL_CONVERSION = YES;
				CLANG_WARN_OBJC_IMPLICIT_RETAIN_SELF = YES;
				CLANG_WARN_OBJC_LITERAL_CONVERSION = YES;
				CLANG_WARN_OBJC_ROOT_CLASS = YES_ERROR;
				CLANG_WARN_QUOTED_INCLUDE_IN_FRAMEWORK_HEADER = YES;
				CLANG_WARN_RANGE_LOOP_ANALYSIS = YES;
				CLANG_WARN_STRICT_PROTOTYPES = YES;
				CLANG_WARN_SUSPICIOUS_MOVE = YES;
				CLANG_WARN_UNGUARDED_AVAILABILITY = YES_AGGRESSIVE;
				CLANG_WARN_UNREACHABLE_CODE = YES;
				CLANG_WARN__DUPLICATE_METHOD_MATCH = YES;
				COPY_PHASE_STRIP = NO;
				DEBUG_INFORMATION_FORMAT = dwarf;
				ENABLE_STRICT_OBJC_MSGSEND = YES;
				ENABLE_TESTABILITY = YES;
				ENABLE_USER_SCRIPT_SANDBOXING = YES;
				GCC_C_LANGUAGE_STANDARD = gnu17;
				GCC_DYNAMIC_NO_PIC = NO;
				GCC_NO_COMMON_BLOCKS = YES;
				GCC_OPTIMIZATION_LEVEL = 0;
				GCC_PREPROCESSOR_DEFINITIONS = (
					"DEBUG=1",
					"$(inherited)",
				);
				GCC_WARN_64_TO_32_BIT_CONVERSION = YES;
				GCC_WARN_ABOUT_RETURN_TYPE = YES_ERROR;
				GCC_WARN_UNDECLARED_SELECTOR = YES;
				GCC_WARN_UNINITIALIZED_AUTOS = YES_AGGRESSIVE;
				GCC_WARN_UNUSED_FUNCTION = YES;
				GCC_WARN_UNUSED_VARIABLE = YES;
				IPHONEOS_DEPLOYMENT_TARGET = 17.2;
				LOCALIZATION_PREFERS_STRING_CATALOGS = YES;
				MTL_ENABLE_DEBUG_INFO = INCLUDE_SOURCE;
				MTL_FAST_MATH = YES;
				ONLY_ACTIVE_ARCH = YES;
				SDKROOT = iphoneos;
				SWIFT_ACTIVE_COMPILATION_CONDITIONS = "DEBUG $(inherited)";
				SWIFT_OPTIMIZATION_LEVEL = "-Onone";
			};
			name = Debug;
		};
		26AEFFE32C2AB44500367DA6 /* Release */ = {
			isa = XCBuildConfiguration;
			buildSettings = {
				ALWAYS_SEARCH_USER_PATHS = NO;
				ASSETCATALOG_COMPILER_GENERATE_SWIFT_ASSET_SYMBOL_EXTENSIONS = YES;
				CLANG_ANALYZER_NONNULL = YES;
				CLANG_ANALYZER_NUMBER_OBJECT_CONVERSION = YES_AGGRESSIVE;
				CLANG_CXX_LANGUAGE_STANDARD = "gnu++20";
				CLANG_ENABLE_MODULES = YES;
				CLANG_ENABLE_OBJC_ARC = YES;
				CLANG_ENABLE_OBJC_WEAK = YES;
				CLANG_WARN_BLOCK_CAPTURE_AUTORELEASING = YES;
				CLANG_WARN_BOOL_CONVERSION = YES;
				CLANG_WARN_COMMA = YES;
				CLANG_WARN_CONSTANT_CONVERSION = YES;
				CLANG_WARN_DEPRECATED_OBJC_IMPLEMENTATIONS = YES;
				CLANG_WARN_DIRECT_OBJC_ISA_USAGE = YES_ERROR;
				CLANG_WARN_DOCUMENTATION_COMMENTS = YES;
				CLANG_WARN_EMPTY_BODY = YES;
				CLANG_WARN_ENUM_CONVERSION = YES;
				CLANG_WARN_INFINITE_RECURSION = YES;
				CLANG_WARN_INT_CONVERSION = YES;
				CLANG_WARN_NON_LITERAL_NULL_CONVERSION = YES;
				CLANG_WARN_OBJC_IMPLICIT_RETAIN_SELF = YES;
				CLANG_WARN_OBJC_LITERAL_CONVERSION = YES;
				CLANG_WARN_OBJC_ROOT_CLASS = YES_ERROR;
				CLANG_WARN_QUOTED_INCLUDE_IN_FRAMEWORK_HEADER = YES;
				CLANG_WARN_RANGE_LOOP_ANALYSIS = YES;
				CLANG_WARN_STRICT_PROTOTYPES = YES;
				CLANG_WARN_SUSPICIOUS_MOVE = YES;
				CLANG_WARN_UNGUARDED_AVAILABILITY = YES_AGGRESSIVE;
				CLANG_WARN_UNREACHABLE_CODE = YES;
				CLANG_WARN__DUPLICATE_METHOD_MATCH = YES;
				COPY_PHASE_STRIP = NO;
				DEBUG_INFORMATION_FORMAT = "dwarf-with-dsym";
				ENABLE_NS_ASSERTIONS = NO;
				ENABLE_STRICT_OBJC_MSGSEND = YES;
				ENABLE_USER_SCRIPT_SANDBOXING = YES;
				GCC_C_LANGUAGE_STANDARD = gnu17;
				GCC_NO_COMMON_BLOCKS = YES;
				GCC_WARN_64_TO_32_BIT_CONVERSION = YES;
				GCC_WARN_ABOUT_RETURN_TYPE = YES_ERROR;
				GCC_WARN_UNDECLARED_SELECTOR = YES;
				GCC_WARN_UNINITIALIZED_AUTOS = YES_AGGRESSIVE;
				GCC_WARN_UNUSED_FUNCTION = YES;
				GCC_WARN_UNUSED_VARIABLE = YES;
				IPHONEOS_DEPLOYMENT_TARGET = 17.2;
				LOCALIZATION_PREFERS_STRING_CATALOGS = YES;
				MTL_ENABLE_DEBUG_INFO = NO;
				MTL_FAST_MATH = YES;
				SDKROOT = iphoneos;
				SWIFT_COMPILATION_MODE = wholemodule;
				VALIDATE_PRODUCT = YES;
			};
			name = Release;
		};
		26AEFFE52C2AB44500367DA6 /* Debug */ = {
			isa = XCBuildConfiguration;
			buildSettings = {
				ASSETCATALOG_COMPILER_APPICON_NAME = AppIcon;
				ASSETCATALOG_COMPILER_GLOBAL_ACCENT_COLOR_NAME = AccentColor;
				CODE_SIGN_STYLE = Automatic;
				CURRENT_PROJECT_VERSION = 1;
				DEVELOPMENT_ASSET_PATHS = "\"MealzOnboardingSwiftUI/Preview Content\"";
				DEVELOPMENT_TEAM = VLHN7Y8965;
				ENABLE_PREVIEWS = YES;
				GENERATE_INFOPLIST_FILE = YES;
				INFOPLIST_KEY_UIApplicationSceneManifest_Generation = YES;
				INFOPLIST_KEY_UIApplicationSupportsIndirectInputEvents = YES;
				INFOPLIST_KEY_UILaunchScreen_Generation = YES;
				INFOPLIST_KEY_UISupportedInterfaceOrientations_iPad = "UIInterfaceOrientationPortrait UIInterfaceOrientationPortraitUpsideDown UIInterfaceOrientationLandscapeLeft UIInterfaceOrientationLandscapeRight";
				INFOPLIST_KEY_UISupportedInterfaceOrientations_iPhone = "UIInterfaceOrientationPortrait UIInterfaceOrientationLandscapeLeft UIInterfaceOrientationLandscapeRight";
				LD_RUNPATH_SEARCH_PATHS = (
					"$(inherited)",
					"@executable_path/Frameworks",
				);
				MARKETING_VERSION = 1.0;
				PRODUCT_BUNDLE_IDENTIFIER = mealz.MealzOnboardingSwiftUI;
				PRODUCT_NAME = "$(TARGET_NAME)";
				SWIFT_EMIT_LOC_STRINGS = YES;
				SWIFT_VERSION = 5.0;
				TARGETED_DEVICE_FAMILY = "1,2";
			};
			name = Debug;
		};
		26AEFFE62C2AB44500367DA6 /* Release */ = {
			isa = XCBuildConfiguration;
			buildSettings = {
				ASSETCATALOG_COMPILER_APPICON_NAME = AppIcon;
				ASSETCATALOG_COMPILER_GLOBAL_ACCENT_COLOR_NAME = AccentColor;
				CODE_SIGN_STYLE = Automatic;
				CURRENT_PROJECT_VERSION = 1;
				DEVELOPMENT_ASSET_PATHS = "\"MealzOnboardingSwiftUI/Preview Content\"";
				DEVELOPMENT_TEAM = VLHN7Y8965;
				ENABLE_PREVIEWS = YES;
				GENERATE_INFOPLIST_FILE = YES;
				INFOPLIST_KEY_UIApplicationSceneManifest_Generation = YES;
				INFOPLIST_KEY_UIApplicationSupportsIndirectInputEvents = YES;
				INFOPLIST_KEY_UILaunchScreen_Generation = YES;
				INFOPLIST_KEY_UISupportedInterfaceOrientations_iPad = "UIInterfaceOrientationPortrait UIInterfaceOrientationPortraitUpsideDown UIInterfaceOrientationLandscapeLeft UIInterfaceOrientationLandscapeRight";
				INFOPLIST_KEY_UISupportedInterfaceOrientations_iPhone = "UIInterfaceOrientationPortrait UIInterfaceOrientationLandscapeLeft UIInterfaceOrientationLandscapeRight";
				LD_RUNPATH_SEARCH_PATHS = (
					"$(inherited)",
					"@executable_path/Frameworks",
				);
				MARKETING_VERSION = 1.0;
				PRODUCT_BUNDLE_IDENTIFIER = mealz.MealzOnboardingSwiftUI;
				PRODUCT_NAME = "$(TARGET_NAME)";
				SWIFT_EMIT_LOC_STRINGS = YES;
				SWIFT_VERSION = 5.0;
				TARGETED_DEVICE_FAMILY = "1,2";
			};
			name = Release;
		};
/* End XCBuildConfiguration section */

/* Begin XCConfigurationList section */
		26AEFFD12C2AB44400367DA6 /* Build configuration list for PBXProject "MealzOnboardingSwiftUI" */ = {
			isa = XCConfigurationList;
			buildConfigurations = (
				26AEFFE22C2AB44500367DA6 /* Debug */,
				26AEFFE32C2AB44500367DA6 /* Release */,
			);
			defaultConfigurationIsVisible = 0;
			defaultConfigurationName = Release;
		};
		26AEFFE42C2AB44500367DA6 /* Build configuration list for PBXNativeTarget "MealzOnboardingSwiftUI" */ = {
			isa = XCConfigurationList;
			buildConfigurations = (
				26AEFFE52C2AB44500367DA6 /* Debug */,
				26AEFFE62C2AB44500367DA6 /* Release */,
			);
			defaultConfigurationIsVisible = 0;
			defaultConfigurationName = Release;
		};
/* End XCConfigurationList section */

/* Begin XCRemoteSwiftPackageReference section */
		2691B3432C2C08D1008C84FD /* XCRemoteSwiftPackageReference "MealzCoreRelease" */ = {
			isa = XCRemoteSwiftPackageReference;
			repositoryURL = "https://github.com/miamtech/MealzCoreRelease";
			requirement = {
				kind = upToNextMajorVersion;
				minimumVersion = 5.0.0;
			};
		};
		2691B3462C2C08D9008C84FD /* XCRemoteSwiftPackageReference "MealziOSSDKRelease" */ = {
			isa = XCRemoteSwiftPackageReference;
			repositoryURL = "https://github.com/miamtech/MealziOSSDKRelease";
			requirement = {
				kind = upToNextMajorVersion;
				minimumVersion = 5.0.0;
			};
		};
/* End XCRemoteSwiftPackageReference section */

/* Begin XCSwiftPackageProductDependency section */
		2691B3442C2C08D1008C84FD /* MealzCore */ = {
			isa = XCSwiftPackageProductDependency;
			package = 2691B3432C2C08D1008C84FD /* XCRemoteSwiftPackageReference "MealzCoreRelease" */;
			productName = MealzCore;
		};
		2691B3472C2C08D9008C84FD /* MealziOSSDK */ = {
			isa = XCSwiftPackageProductDependency;
			package = 2691B3462C2C08D9008C84FD /* XCRemoteSwiftPackageReference "MealziOSSDKRelease" */;
			productName = MealziOSSDK;
		};
/* End XCSwiftPackageProductDependency section */
	};
	rootObject = 26AEFFCE2C2AB44400367DA6 /* Project object */;
}
